
Microsoft Visual Studio Solution File, Format Version 12.00
# Visual Studio Version 17
VisualStudioVersion = 17.10.35027.167
MinimumVisualStudioVersion = 10.0.40219.1
Project("{9A19103F-16F7-4668-BE54-9A1E7A4F7556}") = "Substrate.Integration", "Substrate.Integration\Substrate.Integration.csproj", "{7902D22F-F26C-4E7A-A8DF-9A2A8C4427E7}"
EndProject
Project("{9A19103F-16F7-4668-BE54-9A1E7A4F7556}") = "Substrate.NET.Indexer", "Substrate.NET.Indexer\Substrate.NET.Indexer.csproj", "{C5471534-0947-4FC2-B7A3-9A42CAE6FC95}"
EndProject
Global
	GlobalSection(SolutionConfigurationPlatforms) = preSolution
		Debug|Any CPU = Debug|Any CPU
		Release|Any CPU = Release|Any CPU
	EndGlobalSection
	GlobalSection(ProjectConfigurationPlatforms) = postSolution
		{7902D22F-F26C-4E7A-A8DF-9A2A8C4427E7}.Debug|Any CPU.ActiveCfg = Debug|Any CPU
		{7902D22F-F26C-4E7A-A8DF-9A2A8C4427E7}.Debug|Any CPU.Build.0 = Debug|Any CPU
		{7902D22F-F26C-4E7A-A8DF-9A2A8C4427E7}.Release|Any CPU.ActiveCfg = Release|Any CPU
		{7902D22F-F26C-4E7A-A8DF-9A2A8C4427E7}.Release|Any CPU.Build.0 = Release|Any CPU
		{C5471534-0947-4FC2-B7A3-9A42CAE6FC95}.Debug|Any CPU.ActiveCfg = Debug|Any CPU
		{C5471534-0947-4FC2-B7A3-9A42CAE6FC95}.Debug|Any CPU.Build.0 = Debug|Any CPU
		{C5471534-0947-4FC2-B7A3-9A42CAE6FC95}.Release|Any CPU.ActiveCfg = Release|Any CPU
		{C5471534-0947-4FC2-B7A3-9A42CAE6FC95}.Release|Any CPU.Build.0 = Release|Any CPU
	EndGlobalSection
	GlobalSection(SolutionProperties) = preSolution
		HideSolutionNode = FALSE
	EndGlobalSection
	GlobalSection(ExtensibilityGlobals) = postSolution
		SolutionGuid = {425A0C1D-E610-47D5-B1D1-5DF6F5B48F06}
	EndGlobalSection
EndGlobal
